
Microsoft Visual Studio Solution File, Format Version 12.00
# Visual Studio Version 17
VisualStudioVersion = 17.5.002.0
MinimumVisualStudioVersion = 10.0.40219.1
Project("{9A19103F-16F7-4668-BE54-9A1E7A4F7556}") = "ConsoleHabitTracker", "ConsoleHabitTracker\ConsoleHabitTracker.csproj", "{D154A902-CB8A-4F75-8BE7-E0F2F9AEE828}"
EndProject
Global
	GlobalSection(SolutionConfigurationPlatforms) = preSolution
		Debug|Any CPU = Debug|Any CPU
		Release|Any CPU = Release|Any CPU
	EndGlobalSection
	GlobalSection(ProjectConfigurationPlatforms) = postSolution
		{D154A902-CB8A-4F75-8BE7-E0F2F9AEE828}.Debug|Any CPU.ActiveCfg = Debug|Any CPU
		{D154A902-CB8A-4F75-8BE7-E0F2F9AEE828}.Debug|Any CPU.Build.0 = Debug|Any CPU
		{D154A902-CB8A-4F75-8BE7-E0F2F9AEE828}.Release|Any CPU.ActiveCfg = Release|Any CPU
		{D154A902-CB8A-4F75-8BE7-E0F2F9AEE828}.Release|Any CPU.Build.0 = Release|Any CPU
	EndGlobalSection
	GlobalSection(SolutionProperties) = preSolution
		HideSolutionNode = FALSE
	EndGlobalSection
	GlobalSection(ExtensibilityGlobals) = postSolution
		SolutionGuid = {09E88901-440C-4024-AA26-D029D683A3ED}
	EndGlobalSection
EndGlobal
